
Microsoft Visual Studio Solution File, Format Version 12.00
# Visual Studio 14
VisualStudioVersion = 14.0.25420.1
MinimumVisualStudioVersion = 10.0.40219.1
Project("{FAE04EC0-301F-11D3-BF4B-00C04F79EFBC}") = "Gestao_Educacional", "Gestao_Educacional\Gestao_Educacional.csproj", "{63B72CD6-BE16-4562-BB36-681CF632B267}"
EndProject
Project("{E24C65DC-7377-472B-9ABA-BC803B73C61A}") = "gedumWebApp", "..\gedumWebApp\", "{5ADCED82-6B66-449C-9EDB-CF94B00AEE5B}"
	ProjectSection(WebsiteProperties) = preProject
		TargetFrameworkMoniker = ".NETFramework,Version%3Dv4.5.2"
		Debug.AspNetCompiler.VirtualPath = "/localhost_50741"
		Debug.AspNetCompiler.PhysicalPath = "..\gedumWebApp\"
		Debug.AspNetCompiler.TargetPath = "PrecompiledWeb\localhost_50741\"
		Debug.AspNetCompiler.Updateable = "true"
		Debug.AspNetCompiler.ForceOverwrite = "true"
		Debug.AspNetCompiler.FixedNames = "false"
		Debug.AspNetCompiler.Debug = "True"
		Release.AspNetCompiler.VirtualPath = "/localhost_50741"
		Release.AspNetCompiler.PhysicalPath = "..\gedumWebApp\"
		Release.AspNetCompiler.TargetPath = "PrecompiledWeb\localhost_50741\"
		Release.AspNetCompiler.Updateable = "true"
		Release.AspNetCompiler.ForceOverwrite = "true"
		Release.AspNetCompiler.FixedNames = "false"
		Release.AspNetCompiler.Debug = "False"
		VWDPort = "50741"
		SlnRelativePath = "..\gedumWebApp\"
		DefaultWebSiteLanguage = "Visual C#"
	EndProjectSection
EndProject
Project("{E24C65DC-7377-472B-9ABA-BC803B73C61A}") = "gedumaster", "..\gedumaster\", "{CF0AC8FE-06DC-41CE-9593-42A4478C5F89}"
	ProjectSection(WebsiteProperties) = preProject
		TargetFrameworkMoniker = ".NETFramework,Version%3Dv4.5.2"
		Debug.AspNetCompiler.VirtualPath = "/localhost_49297"
		Debug.AspNetCompiler.PhysicalPath = "..\gedumaster\"
		Debug.AspNetCompiler.TargetPath = "PrecompiledWeb\localhost_49297\"
		Debug.AspNetCompiler.Updateable = "true"
		Debug.AspNetCompiler.ForceOverwrite = "true"
		Debug.AspNetCompiler.FixedNames = "false"
		Debug.AspNetCompiler.Debug = "True"
		Release.AspNetCompiler.VirtualPath = "/localhost_49297"
		Release.AspNetCompiler.PhysicalPath = "..\gedumaster\"
		Release.AspNetCompiler.TargetPath = "PrecompiledWeb\localhost_49297\"
		Release.AspNetCompiler.Updateable = "true"
		Release.AspNetCompiler.ForceOverwrite = "true"
		Release.AspNetCompiler.FixedNames = "false"
		Release.AspNetCompiler.Debug = "False"
		VWDPort = "49297"
		SlnRelativePath = "..\gedumaster\"
		DefaultWebSiteLanguage = "Visual C#"
	EndProjectSection
EndProject
Project("{E24C65DC-7377-472B-9ABA-BC803B73C61A}") = "GedumNew", "..\GedumNew\", "{60525D4B-93EB-4FA2-96D5-C9D6C0547CD8}"
	ProjectSection(WebsiteProperties) = preProject
		TargetFrameworkMoniker = ".NETFramework,Version%3Dv4.5.2"
		Debug.AspNetCompiler.VirtualPath = "/localhost_65212"
		Debug.AspNetCompiler.PhysicalPath = "..\GedumNew\"
		Debug.AspNetCompiler.TargetPath = "PrecompiledWeb\localhost_65212\"
		Debug.AspNetCompiler.Updateable = "true"
		Debug.AspNetCompiler.ForceOverwrite = "true"
		Debug.AspNetCompiler.FixedNames = "false"
		Debug.AspNetCompiler.Debug = "True"
		Release.AspNetCompiler.VirtualPath = "/localhost_65212"
		Release.AspNetCompiler.PhysicalPath = "..\GedumNew\"
		Release.AspNetCompiler.TargetPath = "PrecompiledWeb\localhost_65212\"
		Release.AspNetCompiler.Updateable = "true"
		Release.AspNetCompiler.ForceOverwrite = "true"
		Release.AspNetCompiler.FixedNames = "false"
		Release.AspNetCompiler.Debug = "False"
		VWDPort = "65212"
		SlnRelativePath = "..\GedumNew\"
		DefaultWebSiteLanguage = "Visual C#"
	EndProjectSection
EndProject
Global
	GlobalSection(SolutionConfigurationPlatforms) = preSolution
		Debug|Any CPU = Debug|Any CPU
		Release|Any CPU = Release|Any CPU
	EndGlobalSection
	GlobalSection(ProjectConfigurationPlatforms) = postSolution
		{63B72CD6-BE16-4562-BB36-681CF632B267}.Debug|Any CPU.ActiveCfg = Debug|Any CPU
		{63B72CD6-BE16-4562-BB36-681CF632B267}.Debug|Any CPU.Build.0 = Debug|Any CPU
		{63B72CD6-BE16-4562-BB36-681CF632B267}.Release|Any CPU.ActiveCfg = Release|Any CPU
		{63B72CD6-BE16-4562-BB36-681CF632B267}.Release|Any CPU.Build.0 = Release|Any CPU
		{5ADCED82-6B66-449C-9EDB-CF94B00AEE5B}.Debug|Any CPU.ActiveCfg = Debug|Any CPU
		{5ADCED82-6B66-449C-9EDB-CF94B00AEE5B}.Debug|Any CPU.Build.0 = Debug|Any CPU
		{5ADCED82-6B66-449C-9EDB-CF94B00AEE5B}.Release|Any CPU.ActiveCfg = Debug|Any CPU
		{5ADCED82-6B66-449C-9EDB-CF94B00AEE5B}.Release|Any CPU.Build.0 = Debug|Any CPU
		{CF0AC8FE-06DC-41CE-9593-42A4478C5F89}.Debug|Any CPU.ActiveCfg = Debug|Any CPU
		{CF0AC8FE-06DC-41CE-9593-42A4478C5F89}.Debug|Any CPU.Build.0 = Debug|Any CPU
		{CF0AC8FE-06DC-41CE-9593-42A4478C5F89}.Release|Any CPU.ActiveCfg = Debug|Any CPU
		{CF0AC8FE-06DC-41CE-9593-42A4478C5F89}.Release|Any CPU.Build.0 = Debug|Any CPU
		{60525D4B-93EB-4FA2-96D5-C9D6C0547CD8}.Debug|Any CPU.ActiveCfg = Debug|Any CPU
		{60525D4B-93EB-4FA2-96D5-C9D6C0547CD8}.Debug|Any CPU.Build.0 = Debug|Any CPU
		{60525D4B-93EB-4FA2-96D5-C9D6C0547CD8}.Release|Any CPU.ActiveCfg = Debug|Any CPU
		{60525D4B-93EB-4FA2-96D5-C9D6C0547CD8}.Release|Any CPU.Build.0 = Debug|Any CPU
	EndGlobalSection
	GlobalSection(SolutionProperties) = preSolution
		HideSolutionNode = FALSE
	EndGlobalSection
EndGlobal
